{
  "name": "layout",
  "version": "1.0.0",
  "lockfileVersion": 3,
  "requires": true,
  "packages": {
    "": {
      "name": "layout",
      "version": "1.0.0",
      "license": "ISC",
      "dependencies": {
        "@dagrejs/dagre": "^3.0.0",
        "@lume/kiwi": "^0.4.4",
        "@viz-js/viz": "^3.28.0",
        "dagre": "^0.8.5",
        "elkjs": "^0.12.0"
      }
    },
    "node_modules/@dagrejs/dagre": {
      "version": "3.0.0",
      "resolved": "https://registry.npmjs.org/@dagrejs/dagre/-/dagre-3.0.0.tgz",
      "integrity": "sha512-ZzhnTy1rfuoew9Ez3EIw4L2znPGnYYhfn8vc9c4oB8iw6QAsszbiU0vRhlxWPFnmmNSFAkrYeF1PhM5m4lAN0Q==",
      "license": "MIT",
      "dependencies": {
        "@dagrejs/graphlib": "4.0.1"
      }
    },
    "node_modules/@dagrejs/graphlib": {
      "version": "4.0.1",
      "resolved": "https://registry.npmjs.org/@dagrejs/graphlib/-/graphlib-4.0.1.tgz",
      "integrity": "sha512-IvcV6FduIIAmLwnH+yun+QtV36SC7mERqa86aClNqmMN09WhmPPYU8ckHrZBozErf+UvHPWOTJYaGYiIcs0DgA==",
      "license": "MIT"
    },
    "node_modules/@lume/kiwi": {
      "version": "0.4.4",
      "resolved": "https://registry.npmjs.org/@lume/kiwi/-/kiwi-0.4.4.tgz",
      "integrity": "sha512-ie0YTKgiZqD4TXlJ4eUbfi4UEoKs6YlLRYNTfPm5eUXwfudTBmPRs7Qcxz2SWKDpVTwThv3sWG6zwtyAA0nPpw==",
      "license": "BSD-3-Clause"
    },
    "node_modules/@viz-js/viz": {
      "version": "3.28.0",
      "resolved": "https://registry.npmjs.org/@viz-js/viz/-/viz-3.28.0.tgz",
      "integrity": "sha512-nPt+jbGHGgd7lUQLBT79/4lChIzeW44I+hFrscx18AnpNyX9vdRFVNwVbKz9eq+ACeKSm4bFQns17WhCW11eWQ==",
      "license": "MIT"
    },
    "node_modules/dagre": {
      "version": "0.8.5",
      "resolved": "https://registry.npmjs.org/dagre/-/dagre-0.8.5.tgz",
      "integrity": "sha512-/aTqmnRta7x7MCCpExk7HQL2O4owCT2h8NT//9I1OQ9vt29Pa0BzSAkR5lwFUcQ7491yVi/3CXU9jQ5o0Mn2Sw==",
      "license": "MIT",
      "dependencies": {
        "graphlib": "^2.1.8",
        "lodash": "^4.17.15"
      }
    },
    "node_modules/elkjs": {
      "version": "0.12.0",
      "resolved": "https://registry.npmjs.org/elkjs/-/elkjs-0.12.0.tgz",
      "integrity": "sha512-YZcKynxVxYoKIOEpywEPwCFdg+BTbxQRNf3pbwdDCvc8O3kQD8bmIwSxKU1eOTVc4Xo+VG9Te+575mlfvOrhEQ==",
      "license": "EPL-2.0 OR GPL-3.0-or-later"
    },
    "node_modules/graphlib": {
      "version": "2.1.8",
      "resolved": "https://registry.npmjs.org/graphlib/-/graphlib-2.1.8.tgz",
      "integrity": "sha512-jcLLfkpoVGmH7/InMC/1hIvOPSUh38oJtGhvrOFGzioE1DZ+0YW16RgmOJhHiuWTvGiJQ9Z1Ik43JvkRPRvE+A==",
      "license": "MIT",
      "dependencies": {
        "lodash": "^4.17.15"
      }
    },
    "node_modules/lodash": {
      "version": "4.18.1",
      "resolved": "https://registry.npmjs.org/lodash/-/lodash-4.18.1.tgz",
      "integrity": "sha512-dMInicTPVE8d1e5otfwmmjlxkZoUpiVLwyeTdUsi/Caj/gfzzblBcCE5sRHV/AsjuCmxWrte2TNGSYuCeCq+0Q==",
      "license": "MIT"
    }
  }
}
